
Microsoft Visual Studio Solution File, Format Version 12.00
# Visual Studio Version 17
VisualStudioVersion = 17.3.32825.248
MinimumVisualStudioVersion = 10.0.40219.1
Project("{FAE04EC0-301F-11D3-BF4B-00C04F79EFBC}") = "Kids_Quiz_Game", "Kids_Quiz_Game\Kids_Quiz_Game.csproj", "{AC73F58B-C999-40F1-AB24-535B53DA5903}"
EndProject
Global
	GlobalSection(SolutionConfigurationPlatforms) = preSolution
		Debug|Any CPU = Debug|Any CPU
		Release|Any CPU = Release|Any CPU
	EndGlobalSection
	GlobalSection(ProjectConfigurationPlatforms) = postSolution
		{AC73F58B-C999-40F1-AB24-535B53DA5903}.Debug|Any CPU.ActiveCfg = Debug|Any CPU
		{AC73F58B-C999-40F1-AB24-535B53DA5903}.Debug|Any CPU.Build.0 = Debug|Any CPU
		{AC73F58B-C999-40F1-AB24-535B53DA5903}.Release|Any CPU.ActiveCfg = Release|Any CPU
		{AC73F58B-C999-40F1-AB24-535B53DA5903}.Release|Any CPU.Build.0 = Release|Any CPU
	EndGlobalSection
	GlobalSection(SolutionProperties) = preSolution
		HideSolutionNode = FALSE
	EndGlobalSection
	GlobalSection(ExtensibilityGlobals) = postSolution
		SolutionGuid = {AA8E4891-8859-4E43-9035-86E80D4F0B53}
	EndGlobalSection
EndGlobal
